lockfileVersion: '9.0'

settings:
  autoInstallPeers: true
  excludeLinksFromLockfile: false

importers:

  .:
    devDependencies:
      '@types/react':
        specifier: ^19.1.12
        version: 19.1.12
      '@types/react-dom':
        specifier: ^19.1.8
        version: 19.1.8(@types/react@19.1.12)

packages:

  '@types/react-dom@19.1.8':
    resolution: {integrity: sha512-xG7xaBMJCpcK0RpN8jDbAACQo54ycO6h4dSSmgv8+fu6ZIAdANkx/WsawASUjVXYfy+J9AbUpRMNNEsXCDfDBQ==}
    peerDependencies:
      '@types/react': ^19.0.0

  '@types/react@19.1.12':
    resolution: {integrity: sha512-cMoR+FoAf/Jyq6+Df2/Z41jISvGZZ2eTlnsaJRptmZ76Caldwy1odD4xTr/gNV9VLj0AWgg/nmkevIyUfIIq5w==}

  csstype@3.1.3:
    resolution: {integrity: sha512-M1uQkMl8rQK/szD0LNhtqxIPLpimGm8sOBwU7lLnCpSbTyY3yeU1Vc7l4KT5zT4s/yOxHH5O7tIuuLOCnLADRw==}

snapshots:

  '@types/react-dom@19.1.8(@types/react@19.1.12)':
    dependencies:
      '@types/react': 19.1.12

  '@types/react@19.1.12':
    dependencies:
      csstype: 3.1.3

  csstype@3.1.3: {}
